
Microsoft Visual Studio Solution File, Format Version 12.00
# Visual Studio Version 17
VisualStudioVersion = 17.0.32126.317
MinimumVisualStudioVersion = 10.0.40219.1
Project("{9A19103F-16F7-4668-BE54-9A1E7A4F7556}") = "First", "First\First.csproj", "{006B626D-065B-4762-8848-429D6CC05BDA}"
EndProject
Project("{9A19103F-16F7-4668-BE54-9A1E7A4F7556}") = "EntityLayer", "EntityLayer\EntityLayer.csproj", "{A3C5664A-998B-492A-AF02-57D14F9027CC}"
EndProject
Project("{9A19103F-16F7-4668-BE54-9A1E7A4F7556}") = "DataAccessLayer", "DataAccessLayer\DataAccessLayer.csproj", "{E9C50AE6-4143-4752-9C0F-92AE685F8F65}"
EndProject
Project("{9A19103F-16F7-4668-BE54-9A1E7A4F7556}") = "BusinessLayer", "BusinessLayer\BusinessLayer.csproj", "{72F636B4-5064-4C77-89DE-5F02B6B79906}"
EndProject
Project("{9A19103F-16F7-4668-BE54-9A1E7A4F7556}") = "CoreLayer", "CoreLayer\CoreLayer.csproj", "{ABC0131F-8F5B-4FCA-A5E6-D4ACA3CD0FE0}"
EndProject
Project("{FAE04EC0-301F-11D3-BF4B-00C04F79EFBC}") = "FirsttApi", "FirsttApi\FirsttApi.csproj", "{410209E6-DA18-46A8-9BFD-DA4931CBF305}"
EndProject
Global
	GlobalSection(SolutionConfigurationPlatforms) = preSolution
		Debug|Any CPU = Debug|Any CPU
		Release|Any CPU = Release|Any CPU
	EndGlobalSection
	GlobalSection(ProjectConfigurationPlatforms) = postSolution
		{006B626D-065B-4762-8848-429D6CC05BDA}.Debug|Any CPU.ActiveCfg = Debug|Any CPU
		{006B626D-065B-4762-8848-429D6CC05BDA}.Debug|Any CPU.Build.0 = Debug|Any CPU
		{006B626D-065B-4762-8848-429D6CC05BDA}.Release|Any CPU.ActiveCfg = Release|Any CPU
		{006B626D-065B-4762-8848-429D6CC05BDA}.Release|Any CPU.Build.0 = Release|Any CPU
		{A3C5664A-998B-492A-AF02-57D14F9027CC}.Debug|Any CPU.ActiveCfg = Debug|Any CPU
		{A3C5664A-998B-492A-AF02-57D14F9027CC}.Debug|Any CPU.Build.0 = Debug|Any CPU
		{A3C5664A-998B-492A-AF02-57D14F9027CC}.Release|Any CPU.ActiveCfg = Release|Any CPU
		{A3C5664A-998B-492A-AF02-57D14F9027CC}.Release|Any CPU.Build.0 = Release|Any CPU
		{E9C50AE6-4143-4752-9C0F-92AE685F8F65}.Debug|Any CPU.ActiveCfg = Debug|Any CPU
		{E9C50AE6-4143-4752-9C0F-92AE685F8F65}.Debug|Any CPU.Build.0 = Debug|Any CPU
		{E9C50AE6-4143-4752-9C0F-92AE685F8F65}.Release|Any CPU.ActiveCfg = Release|Any CPU
		{E9C50AE6-4143-4752-9C0F-92AE685F8F65}.Release|Any CPU.Build.0 = Release|Any CPU
		{72F636B4-5064-4C77-89DE-5F02B6B79906}.Debug|Any CPU.ActiveCfg = Debug|Any CPU
		{72F636B4-5064-4C77-89DE-5F02B6B79906}.Debug|Any CPU.Build.0 = Debug|Any CPU
		{72F636B4-5064-4C77-89DE-5F02B6B79906}.Release|Any CPU.ActiveCfg = Release|Any CPU
		{72F636B4-5064-4C77-89DE-5F02B6B79906}.Release|Any CPU.Build.0 = Release|Any CPU
		{ABC0131F-8F5B-4FCA-A5E6-D4ACA3CD0FE0}.Debug|Any CPU.ActiveCfg = Debug|Any CPU
		{ABC0131F-8F5B-4FCA-A5E6-D4ACA3CD0FE0}.Debug|Any CPU.Build.0 = Debug|Any CPU
		{ABC0131F-8F5B-4FCA-A5E6-D4ACA3CD0FE0}.Release|Any CPU.ActiveCfg = Release|Any CPU
		{ABC0131F-8F5B-4FCA-A5E6-D4ACA3CD0FE0}.Release|Any CPU.Build.0 = Release|Any CPU
		{410209E6-DA18-46A8-9BFD-DA4931CBF305}.Debug|Any CPU.ActiveCfg = Debug|Any CPU
		{410209E6-DA18-46A8-9BFD-DA4931CBF305}.Debug|Any CPU.Build.0 = Debug|Any CPU
		{410209E6-DA18-46A8-9BFD-DA4931CBF305}.Release|Any CPU.ActiveCfg = Release|Any CPU
		{410209E6-DA18-46A8-9BFD-DA4931CBF305}.Release|Any CPU.Build.0 = Release|Any CPU
	EndGlobalSection
	GlobalSection(SolutionProperties) = preSolution
		HideSolutionNode = FALSE
	EndGlobalSection
	GlobalSection(ExtensibilityGlobals) = postSolution
		SolutionGuid = {B687470A-9254-4E7D-BCF4-8108B4A055DE}
	EndGlobalSection
EndGlobal
